// !$*UTF8*$!
{
	archiveVersion = 1;
	classes = {
	};
	objectVersion = 55;
	objects = {

/* Begin PBXBuildFile section */
		ED7228C32818E33F0078E5A9 /* ScheduleView.swift in Sources */ = {isa = PBXBuildFile; fileRef = ED7228C22818E33F0078E5A9 /* ScheduleView.swift */; };
		ED7228C52818E9350078E5A9 /* NotiListView.swift in Sources */ = {isa = PBXBuildFile; fileRef = ED7228C42818E9350078E5A9 /* NotiListView.swift */; };
		ED7228C72818EFEE0078E5A9 /* EditNotiView.swift in Sources */ = {isa = PBXBuildFile; fileRef = ED7228C62818EFEE0078E5A9 /* EditNotiView.swift */; };
		EDCFD0F52817A4B1001A26DD /* ContextoApp.swift in Sources */ = {isa = PBXBuildFile; fileRef = EDCFD0F42817A4B1001A26DD /* ContextoApp.swift */; };
		EDCFD0F72817A4B1001A26DD /* ContentView.swift in Sources */ = {isa = PBXBuildFile; fileRef = EDCFD0F62817A4B1001A26DD /* ContentView.swift */; };
		EDCFD0F92817A4B3001A26DD /* Assets.xcassets in Resources */ = {isa = PBXBuildFile; fileRef = EDCFD0F82817A4B3001A26DD /* Assets.xcassets */; };
		EDCFD0FC2817A4B3001A26DD /* Preview Assets.xcassets in Resources */ = {isa = PBXBuildFile; fileRef = EDCFD0FB2817A4B3001A26DD /* Preview Assets.xcassets */; };
		EDCFD1032817A4BE001A26DD /* Noti.swift in Sources */ = {isa = PBXBuildFile; fileRef = EDCFD1022817A4BE001A26DD /* Noti.swift */; };
		EDCFD1072817B3D9001A26DD /* UserDefaults.swift in Sources */ = {isa = PBXBuildFile; fileRef = EDCFD1062817B3D9001A26DD /* UserDefaults.swift */; };
		EDCFD1092817BB89001A26DD /* GraphView.swift in Sources */ = {isa = PBXBuildFile; fileRef = EDCFD1082817BB89001A26DD /* GraphView.swift */; };
		EDCFD10B2817C940001A26DD /* DateExt.swift in Sources */ = {isa = PBXBuildFile; fileRef = EDCFD10A2817C940001A26DD /* DateExt.swift */; };
		EDD821B42818551D0024E15F /* ShareSheet.swift in Sources */ = {isa = PBXBuildFile; fileRef = EDD821B32818551D0024E15F /* ShareSheet.swift */; };
/* End PBXBuildFile section */

/* Begin PBXFileReference section */
		ED7228C22818E33F0078E5A9 /* ScheduleView.swift */ = {isa = PBXFileReference; lastKnownFileType = sourcecode.swift; path = ScheduleView.swift; sourceTree = "<group>"; };
		ED7228C42818E9350078E5A9 /* NotiListView.swift */ = {isa = PBXFileReference; lastKnownFileType = sourcecode.swift; path = NotiListView.swift; sourceTree = "<group>"; };
		ED7228C62818EFEE0078E5A9 /* EditNotiView.swift */ = {isa = PBXFileReference; lastKnownFileType = sourcecode.swift; path = EditNotiView.swift; sourceTree = "<group>"; };
		EDCFD0F12817A4B1001A26DD /* Contexto.app */ = {isa = PBXFileReference; explicitFileType = wrapper.application; includeInIndex = 0; path = Contexto.app; sourceTree = BUILT_PRODUCTS_DIR; };
		EDCFD0F42817A4B1001A26DD /* ContextoApp.swift */ = {isa = PBXFileReference; lastKnownFileType = sourcecode.swift; path = ContextoApp.swift; sourceTree = "<group>"; };
		EDCFD0F62817A4B1001A26DD /* ContentView.swift */ = {isa = PBXFileReference; lastKnownFileType = sourcecode.swift; path = ContentView.swift; sourceTree = "<group>"; };
		EDCFD0F82817A4B3001A26DD /* Assets.xcassets */ = {isa = PBXFileReference; lastKnownFileType = folder.assetcatalog; path = Assets.xcassets; sourceTree = "<group>"; };
		EDCFD0FB2817A4B3001A26DD /* Preview Assets.xcassets */ = {isa = PBXFileReference; lastKnownFileType = folder.assetcatalog; path = "Preview Assets.xcassets"; sourceTree = "<group>"; };
		EDCFD1022817A4BE001A26DD /* Noti.swift */ = {isa = PBXFileReference; lastKnownFileType = sourcecode.swift; path = Noti.swift; sourceTree = "<group>"; };
		EDCFD1042817A86C001A26DD /* Contexto.entitlements */ = {isa = PBXFileReference; lastKnownFileType = text.plist.entitlements; path = Contexto.entitlements; sourceTree = "<group>"; };
		EDCFD1052817A96B001A26DD /* Info.plist */ = {isa = PBXFileReference; lastKnownFileType = text.plist; path = Info.plist; sourceTree = "<group>"; };
		EDCFD1062817B3D9001A26DD /* UserDefaults.swift */ = {isa = PBXFileReference; lastKnownFileType = sourcecode.swift; path = UserDefaults.swift; sourceTree = "<group>"; };
		EDCFD1082817BB89001A26DD /* GraphView.swift */ = {isa = PBXFileReference; lastKnownFileType = sourcecode.swift; path = GraphView.swift; sourceTree = "<group>"; };
		EDCFD10A2817C940001A26DD /* DateExt.swift */ = {isa = PBXFileReference; lastKnownFileType = sourcecode.swift; path = DateExt.swift; sourceTree = "<group>"; };
		EDD821B32818551D0024E15F /* ShareSheet.swift */ = {isa = PBXFileReference; lastKnownFileType = sourcecode.swift; path = ShareSheet.swift; sourceTree = "<group>"; };
/* End PBXFileReference section */

/* Begin PBXFrameworksBuildPhase section */
		EDCFD0EE2817A4B1001A26DD /* Frameworks */ = {
			isa = PBXFrameworksBuildPhase;
			buildActionMask = 2147483647;
			files = (
			);
			runOnlyForDeploymentPostprocessing = 0;
		};
/* End PBXFrameworksBuildPhase section */

/* Begin PBXGroup section */
		EDCFD0E82817A4B1001A26DD = {
			isa = PBXGroup;
			children = (
				EDCFD0F32817A4B1001A26DD /* Contexto */,
				EDCFD0F22817A4B1001A26DD /* Products */,
			);
			sourceTree = "<group>";
		};
		EDCFD0F22817A4B1001A26DD /* Products */ = {
			isa = PBXGroup;
			children = (
				EDCFD0F12817A4B1001A26DD /* Contexto.app */,
			);
			name = Products;
			sourceTree = "<group>";
		};
		EDCFD0F32817A4B1001A26DD /* Contexto */ = {
			isa = PBXGroup;
			children = (
				EDCFD1052817A96B001A26DD /* Info.plist */,
				EDCFD1042817A86C001A26DD /* Contexto.entitlements */,
				EDCFD0F42817A4B1001A26DD /* ContextoApp.swift */,
				ED7228C42818E9350078E5A9 /* NotiListView.swift */,
				ED7228C62818EFEE0078E5A9 /* EditNotiView.swift */,
				ED7228C22818E33F0078E5A9 /* ScheduleView.swift */,
				EDCFD0F62817A4B1001A26DD /* ContentView.swift */,
				EDCFD1082817BB89001A26DD /* GraphView.swift */,
				EDD821B32818551D0024E15F /* ShareSheet.swift */,
				EDCFD1022817A4BE001A26DD /* Noti.swift */,
				EDCFD1062817B3D9001A26DD /* UserDefaults.swift */,
				EDCFD10A2817C940001A26DD /* DateExt.swift */,
				EDCFD0F82817A4B3001A26DD /* Assets.xcassets */,
				EDCFD0FA2817A4B3001A26DD /* Preview Content */,
			);
			path = Contexto;
			sourceTree = "<group>";
		};
		EDCFD0FA2817A4B3001A26DD /* Preview Content */ = {
			isa = PBXGroup;
			children = (
				EDCFD0FB2817A4B3001A26DD /* Preview Assets.xcassets */,
			);
			path = "Preview Content";
			sourceTree = "<group>";
		};
/* End PBXGroup section */

/* Begin PBXNativeTarget section */
		EDCFD0F02817A4B1001A26DD /* Contexto */ = {
			isa = PBXNativeTarget;
			buildConfigurationList = EDCFD0FF2817A4B3001A26DD /* Build configuration list for PBXNativeTarget "Contexto" */;
			buildPhases = (
				EDCFD0ED2817A4B1001A26DD /* Sources */,
				EDCFD0EE2817A4B1001A26DD /* Frameworks */,
				EDCFD0EF2817A4B1001A26DD /* Resources */,
			);
			buildRules = (
			);
			dependencies = (
			);
			name = Contexto;
			productName = Contexto;
			productReference = EDCFD0F12817A4B1001A26DD /* Contexto.app */;
			productType = "com.apple.product-type.application";
		};
/* End PBXNativeTarget section */

/* Begin PBXProject section */
		EDCFD0E92817A4B1001A26DD /* Project object */ = {
			isa = PBXProject;
			attributes = {
				BuildIndependentTargetsInParallel = 1;
				LastSwiftUpdateCheck = 1330;
				LastUpgradeCheck = 1330;
				TargetAttributes = {
					EDCFD0F02817A4B1001A26DD = {
						CreatedOnToolsVersion = 13.3;
					};
				};
			};
			buildConfigurationList = EDCFD0EC2817A4B1001A26DD /* Build configuration list for PBXProject "Contexto" */;
			compatibilityVersion = "Xcode 13.0";
			developmentRegion = en;
			hasScannedForEncodings = 0;
			knownRegions = (
				en,
				Base,
			);
			mainGroup = EDCFD0E82817A4B1001A26DD;
			productRefGroup = EDCFD0F22817A4B1001A26DD /* Products */;
			projectDirPath = "";
			projectRoot = "";
			targets = (
				EDCFD0F02817A4B1001A26DD /* Contexto */,
			);
		};
/* End PBXProject section */

/* Begin PBXResourcesBuildPhase section */
		EDCFD0EF2817A4B1001A26DD /* Resources */ = {
			isa = PBXResourcesBuildPhase;
			buildActionMask = 2147483647;
			files = (
				EDCFD0FC2817A4B3001A26DD /* Preview Assets.xcassets in Resources */,
				EDCFD0F92817A4B3001A26DD /* Assets.xcassets in Resources */,
			);
			runOnlyForDeploymentPostprocessing = 0;
		};
/* End PBXResourcesBuildPhase section */

/* Begin PBXSourcesBuildPhase section */
		EDCFD0ED2817A4B1001A26DD /* Sources */ = {
			isa = PBXSourcesBuildPhase;
			buildActionMask = 2147483647;
			files = (
				EDCFD1092817BB89001A26DD /* GraphView.swift in Sources */,
				EDCFD0F72817A4B1001A26DD /* ContentView.swift in Sources */,
				ED7228C72818EFEE0078E5A9 /* EditNotiView.swift in Sources */,
				EDCFD0F52817A4B1001A26DD /* ContextoApp.swift in Sources */,
				EDCFD1072817B3D9001A26DD /* UserDefaults.swift in Sources */,
				EDCFD1032817A4BE001A26DD /* Noti.swift in Sources */,
				ED7228C52818E9350078E5A9 /* NotiListView.swift in Sources */,
				ED7228C32818E33F0078E5A9 /* ScheduleView.swift in Sources */,
				EDCFD10B2817C940001A26DD /* DateExt.swift in Sources */,
				EDD821B42818551D0024E15F /* ShareSheet.swift in Sources */,
			);
			runOnlyForDeploymentPostprocessing = 0;
		};
/* End PBXSourcesBuildPhase section */

/* Begin XCBuildConfiguration section */
		EDCFD0FD2817A4B3001A26DD /* Debug */ = {
			isa = XCBuildConfiguration;
			buildSettings = {
				ALWAYS_SEARCH_USER_PATHS = NO;
				CLANG_ANALYZER_NONNULL = YES;
				CLANG_ANALYZER_NUMBER_OBJECT_CONVERSION = YES_AGGRESSIVE;
				CLANG_CXX_LANGUAGE_STANDARD = "gnu++17";
				CLANG_ENABLE_MODULES = YES;
				CLANG_ENABLE_OBJC_ARC = YES;
				CLANG_ENABLE_OBJC_WEAK = YES;
				CLANG_WARN_BLOCK_CAPTURE_AUTORELEASING = YES;
				CLANG_WARN_BOOL_CONVERSION = YES;
				CLANG_WARN_COMMA = YES;
				CLANG_WARN_CONSTANT_CONVERSION = YES;
				CLANG_WARN_DEPRECATED_OBJC_IMPLEMENTATIONS = YES;
				CLANG_WARN_DIRECT_OBJC_ISA_USAGE = YES_ERROR;
				CLANG_WARN_DOCUMENTATION_COMMENTS = YES;
				CLANG_WARN_EMPTY_BODY = YES;
				CLANG_WARN_ENUM_CONVERSION = YES;
				CLANG_WARN_INFINITE_RECURSION = YES;
				CLANG_WARN_INT_CONVERSION = YES;
				CLANG_WARN_NON_LITERAL_NULL_CONVERSION = YES;
				CLANG_WARN_OBJC_IMPLICIT_RETAIN_SELF = YES;
				CLANG_WARN_OBJC_LITERAL_CONVERSION = YES;
				CLANG_WARN_OBJC_ROOT_CLASS = YES_ERROR;
				CLANG_WARN_QUOTED_INCLUDE_IN_FRAMEWORK_HEADER = YES;
				CLANG_WARN_RANGE_LOOP_ANALYSIS = YES;
				CLANG_WARN_STRICT_PROTOTYPES = YES;
				CLANG_WARN_SUSPICIOUS_MOVE = YES;
				CLANG_WARN_UNGUARDED_AVAILABILITY = YES_AGGRESSIVE;
				CLANG_WARN_UNREACHABLE_CODE = YES;
				CLANG_WARN__DUPLICATE_METHOD_MATCH = YES;
				COPY_PHASE_STRIP = NO;
				DEBUG_INFORMATION_FORMAT = dwarf;
				ENABLE_STRICT_OBJC_MSGSEND = YES;
				ENABLE_TESTABILITY = YES;
				GCC_C_LANGUAGE_STANDARD = gnu11;
				GCC_DYNAMIC_NO_PIC = NO;
				GCC_NO_COMMON_BLOCKS = YES;
				GCC_OPTIMIZATION_LEVEL = 0;
				GCC_PREPROCESSOR_DEFINITIONS = (
					"DEBUG=1",
					"$(inherited)",
				);
				GCC_WARN_64_TO_32_BIT_CONVERSION = YES;
				GCC_WARN_ABOUT_RETURN_TYPE = YES_ERROR;
				GCC_WARN_UNDECLARED_SELECTOR = YES;
				GCC_WARN_UNINITIALIZED_AUTOS = YES_AGGRESSIVE;
				GCC_WARN_UNUSED_FUNCTION = YES;
				GCC_WARN_UNUSED_VARIABLE = YES;
				IPHONEOS_DEPLOYMENT_TARGET = 15.4;
				MTL_ENABLE_DEBUG_INFO = INCLUDE_SOURCE;
				MTL_FAST_MATH = YES;
				ONLY_ACTIVE_ARCH = YES;
				SDKROOT = iphoneos;
				SWIFT_ACTIVE_COMPILATION_CONDITIONS = DEBUG;
				SWIFT_OPTIMIZATION_LEVEL = "-Onone";
			};
			name = Debug;
		};
		EDCFD0FE2817A4B3001A26DD /* Release */ = {
			isa = XCBuildConfiguration;
			buildSettings = {
				ALWAYS_SEARCH_USER_PATHS = NO;
				CLANG_ANALYZER_NONNULL = YES;
				CLANG_ANALYZER_NUMBER_OBJECT_CONVERSION = YES_AGGRESSIVE;
				CLANG_CXX_LANGUAGE_STANDARD = "gnu++17";
				CLANG_ENABLE_MODULES = YES;
				CLANG_ENABLE_OBJC_ARC = YES;
				CLANG_ENABLE_OBJC_WEAK = YES;
				CLANG_WARN_BLOCK_CAPTURE_AUTORELEASING = YES;
				CLANG_WARN_BOOL_CONVERSION = YES;
				CLANG_WARN_COMMA = YES;
				CLANG_WARN_CONSTANT_CONVERSION = YES;
				CLANG_WARN_DEPRECATED_OBJC_IMPLEMENTATIONS = YES;
				CLANG_WARN_DIRECT_OBJC_ISA_USAGE = YES_ERROR;
				CLANG_WARN_DOCUMENTATION_COMMENTS = YES;
				CLANG_WARN_EMPTY_BODY = YES;
				CLANG_WARN_ENUM_CONVERSION = YES;
				CLANG_WARN_INFINITE_RECURSION = YES;
				CLANG_WARN_INT_CONVERSION = YES;
				CLANG_WARN_NON_LITERAL_NULL_CONVERSION = YES;
				CLANG_WARN_OBJC_IMPLICIT_RETAIN_SELF = YES;
				CLANG_WARN_OBJC_LITERAL_CONVERSION = YES;
				CLANG_WARN_OBJC_ROOT_CLASS = YES_ERROR;
				CLANG_WARN_QUOTED_INCLUDE_IN_FRAMEWORK_HEADER = YES;
				CLANG_WARN_RANGE_LOOP_ANALYSIS = YES;
				CLANG_WARN_STRICT_PROTOTYPES = YES;
				CLANG_WARN_SUSPICIOUS_MOVE = YES;
				CLANG_WARN_UNGUARDED_AVAILABILITY = YES_AGGRESSIVE;
				CLANG_WARN_UNREACHABLE_CODE = YES;
				CLANG_WARN__DUPLICATE_METHOD_MATCH = YES;
				COPY_PHASE_STRIP = NO;
				DEBUG_INFORMATION_FORMAT = "dwarf-with-dsym";
				ENABLE_NS_ASSERTIONS = NO;
				ENABLE_STRICT_OBJC_MSGSEND = YES;
				GCC_C_LANGUAGE_STANDARD = gnu11;
				GCC_NO_COMMON_BLOCKS = YES;
				GCC_WARN_64_TO_32_BIT_CONVERSION = YES;
				GCC_WARN_ABOUT_RETURN_TYPE = YES_ERROR;
				GCC_WARN_UNDECLARED_SELECTOR = YES;
				GCC_WARN_UNINITIALIZED_AUTOS = YES_AGGRESSIVE;
				GCC_WARN_UNUSED_FUNCTION = YES;
				GCC_WARN_UNUSED_VARIABLE = YES;
				IPHONEOS_DEPLOYMENT_TARGET = 15.4;
				MTL_ENABLE_DEBUG_INFO = NO;
				MTL_FAST_MATH = YES;
				SDKROOT = iphoneos;
				SWIFT_COMPILATION_MODE = wholemodule;
				SWIFT_OPTIMIZATION_LEVEL = "-O";
				VALIDATE_PRODUCT = YES;
			};
			name = Release;
		};
		EDCFD1002817A4B3001A26DD /* Debug */ = {
			isa = XCBuildConfiguration;
			buildSettings = {
				ASSETCATALOG_COMPILER_APPICON_NAME = AppIcon;
				ASSETCATALOG_COMPILER_GLOBAL_ACCENT_COLOR_NAME = AccentColor;
				CODE_SIGN_ENTITLEMENTS = Contexto/Contexto.entitlements;
				CODE_SIGN_STYLE = Automatic;
				CURRENT_PROJECT_VERSION = 1;
				DEVELOPMENT_ASSET_PATHS = "\"Contexto/Preview Content\"";
				DEVELOPMENT_TEAM = 9NG3C5HP77;
				ENABLE_PREVIEWS = YES;
				GENERATE_INFOPLIST_FILE = YES;
				INFOPLIST_FILE = Contexto/Info.plist;
				INFOPLIST_KEY_UIApplicationSceneManifest_Generation = YES;
				INFOPLIST_KEY_UIApplicationSupportsIndirectInputEvents = YES;
				INFOPLIST_KEY_UILaunchScreen_Generation = YES;
				INFOPLIST_KEY_UISupportedInterfaceOrientations_iPad = "UIInterfaceOrientationPortrait UIInterfaceOrientationPortraitUpsideDown UIInterfaceOrientationLandscapeLeft UIInterfaceOrientationLandscapeRight";
				INFOPLIST_KEY_UISupportedInterfaceOrientations_iPhone = "UIInterfaceOrientationPortrait UIInterfaceOrientationLandscapeLeft UIInterfaceOrientationLandscapeRight";
				IPHONEOS_DEPLOYMENT_TARGET = 15.0;
				LD_RUNPATH_SEARCH_PATHS = (
					"$(inherited)",
					"@executable_path/Frameworks",
				);
				MARKETING_VERSION = 1.0;
				PRODUCT_BUNDLE_IDENTIFIER = com.Ai.Contexto;
				PRODUCT_NAME = "$(TARGET_NAME)";
				SWIFT_EMIT_LOC_STRINGS = YES;
				SWIFT_VERSION = 5.0;
				TARGETED_DEVICE_FAMILY = "1,2";
			};
			name = Debug;
		};
		EDCFD1012817A4B3001A26DD /* Release */ = {
			isa = XCBuildConfiguration;
			buildSettings = {
				ASSETCATALOG_COMPILER_APPICON_NAME = AppIcon;
				ASSETCATALOG_COMPILER_GLOBAL_ACCENT_COLOR_NAME = AccentColor;
				CODE_SIGN_ENTITLEMENTS = Contexto/Contexto.entitlements;
				CODE_SIGN_STYLE = Automatic;
				CURRENT_PROJECT_VERSION = 1;
				DEVELOPMENT_ASSET_PATHS = "\"Contexto/Preview Content\"";
				DEVELOPMENT_TEAM = 9NG3C5HP77;
				ENABLE_PREVIEWS = YES;
				GENERATE_INFOPLIST_FILE = YES;
				INFOPLIST_FILE = Contexto/Info.plist;
				INFOPLIST_KEY_UIApplicationSceneManifest_Generation = YES;
				INFOPLIST_KEY_UIApplicationSupportsIndirectInputEvents = YES;
				INFOPLIST_KEY_UILaunchScreen_Generation = YES;
				INFOPLIST_KEY_UISupportedInterfaceOrientations_iPad = "UIInterfaceOrientationPortrait UIInterfaceOrientationPortraitUpsideDown UIInterfaceOrientationLandscapeLeft UIInterfaceOrientationLandscapeRight";
				INFOPLIST_KEY_UISupportedInterfaceOrientations_iPhone = "UIInterfaceOrientationPortrait UIInterfaceOrientationLandscapeLeft UIInterfaceOrientationLandscapeRight";
				IPHONEOS_DEPLOYMENT_TARGET = 15.0;
				LD_RUNPATH_SEARCH_PATHS = (
					"$(inherited)",
					"@executable_path/Frameworks",
				);
				MARKETING_VERSION = 1.0;
				PRODUCT_BUNDLE_IDENTIFIER = com.Ai.Contexto;
				PRODUCT_NAME = "$(TARGET_NAME)";
				SWIFT_EMIT_LOC_STRINGS = YES;
				SWIFT_VERSION = 5.0;
				TARGETED_DEVICE_FAMILY = "1,2";
			};
			name = Release;
		};
/* End XCBuildConfiguration section */

/* Begin XCConfigurationList section */
		EDCFD0EC2817A4B1001A26DD /* Build configuration list for PBXProject "Contexto" */ = {
			isa = XCConfigurationList;
			buildConfigurations = (
				EDCFD0FD2817A4B3001A26DD /* Debug */,
				EDCFD0FE2817A4B3001A26DD /* Release */,
			);
			defaultConfigurationIsVisible = 0;
			defaultConfigurationName = Release;
		};
		EDCFD0FF2817A4B3001A26DD /* Build configuration list for PBXNativeTarget "Contexto" */ = {
			isa = XCConfigurationList;
			buildConfigurations = (
				EDCFD1002817A4B3001A26DD /* Debug */,
				EDCFD1012817A4B3001A26DD /* Release */,
			);
			defaultConfigurationIsVisible = 0;
			defaultConfigurationName = Release;
		};
/* End XCConfigurationList section */
	};
	rootObject = EDCFD0E92817A4B1001A26DD /* Project object */;
}
